
Microsoft Visual Studio Solution File, Format Version 12.00
# Visual Studio Version 17
VisualStudioVersion = 17.13.35931.197
MinimumVisualStudioVersion = 10.0.40219.1
Project("{FAE04EC0-301F-11D3-BF4B-00C04F79EFBC}") = "MysqlDatabaseCopier", "MysqlDatabaseCopier\MysqlDatabaseCopier.csproj", "{56B119B7-B0A0-478E-92F4-FA90EF08DA0D}"
EndProject
Project("{FAE04EC0-301F-11D3-BF4B-00C04F79EFBC}") = "MySQLDatabaseExporter", "MySQLDatabaseExporter\MySQLDatabaseExporter.csproj", "{7872E86B-A4FD-4C7D-B556-435AD0043175}"
EndProject
Global
	GlobalSection(SolutionConfigurationPlatforms) = preSolution
		Debug|Any CPU = Debug|Any CPU
		Release|Any CPU = Release|Any CPU
	EndGlobalSection
	GlobalSection(ProjectConfigurationPlatforms) = postSolution
		{56B119B7-B0A0-478E-92F4-FA90EF08DA0D}.Debug|Any CPU.ActiveCfg = Debug|Any CPU
		{56B119B7-B0A0-478E-92F4-FA90EF08DA0D}.Debug|Any CPU.Build.0 = Debug|Any CPU
		{56B119B7-B0A0-478E-92F4-FA90EF08DA0D}.Release|Any CPU.ActiveCfg = Release|Any CPU
		{56B119B7-B0A0-478E-92F4-FA90EF08DA0D}.Release|Any CPU.Build.0 = Release|Any CPU
		{7872E86B-A4FD-4C7D-B556-435AD0043175}.Debug|Any CPU.ActiveCfg = Debug|Any CPU
		{7872E86B-A4FD-4C7D-B556-435AD0043175}.Debug|Any CPU.Build.0 = Debug|Any CPU
		{7872E86B-A4FD-4C7D-B556-435AD0043175}.Release|Any CPU.ActiveCfg = Release|Any CPU
		{7872E86B-A4FD-4C7D-B556-435AD0043175}.Release|Any CPU.Build.0 = Release|Any CPU
	EndGlobalSection
	GlobalSection(SolutionProperties) = preSolution
		HideSolutionNode = FALSE
	EndGlobalSection
	GlobalSection(ExtensibilityGlobals) = postSolution
		SolutionGuid = {1D76542B-5CF6-426F-83B9-1F79D156E466}
	EndGlobalSection
EndGlobal
